// !$*UTF8*$!
{
	archiveVersion = 1;
	classes = {
	};
	objectVersion = 55;
	objects = {

/* Begin PBXBuildFile section */
		532844D028FAAAC5008695F3 /* ImagePicker.swift in Sources */ = {isa = PBXBuildFile; fileRef = 532844CF28FAAAC5008695F3 /* ImagePicker.swift */; };
		532844D228FAAD6D008695F3 /* Coordinating.swift in Sources */ = {isa = PBXBuildFile; fileRef = 532844D128FAAD6D008695F3 /* Coordinating.swift */; };
		664D5AB2328B7F200D3E3EF6 /* Pods_zeleniKljucHakaton.framework in Frameworks */ = {isa = PBXBuildFile; fileRef = 98C41C581C5ED718D7E80FB5 /* Pods_zeleniKljucHakaton.framework */; };
		7C69832B28FAC3CB0037B44B /* ContactViewController.swift in Sources */ = {isa = PBXBuildFile; fileRef = 7C69832928FAC3CB0037B44B /* ContactViewController.swift */; };
		7C69832C28FAC3CB0037B44B /* ContactViewController.xib in Resources */ = {isa = PBXBuildFile; fileRef = 7C69832A28FAC3CB0037B44B /* ContactViewController.xib */; };
		7C69832F28FAC4640037B44B /* NotificationName+extension.swift in Sources */ = {isa = PBXBuildFile; fileRef = 7C69832E28FAC4640037B44B /* NotificationName+extension.swift */; };
		7C69833228FAC5290037B44B /* NewsViewController.swift in Sources */ = {isa = PBXBuildFile; fileRef = 7C69833028FAC5290037B44B /* NewsViewController.swift */; };
		7C69833328FAC5290037B44B /* NewsViewController.xib in Resources */ = {isa = PBXBuildFile; fileRef = 7C69833128FAC5290037B44B /* NewsViewController.xib */; };
		7C69833628FAC5470037B44B /* NewsCollectionViewCell.swift in Sources */ = {isa = PBXBuildFile; fileRef = 7C69833428FAC5470037B44B /* NewsCollectionViewCell.swift */; };
		7C69833728FAC5470037B44B /* NewsCollectionViewCell.xib in Resources */ = {isa = PBXBuildFile; fileRef = 7C69833528FAC5470037B44B /* NewsCollectionViewCell.xib */; };
		7C69833928FAC66E0037B44B /* PartnersViewController.xib in Resources */ = {isa = PBXBuildFile; fileRef = 7C69833828FAC66E0037B44B /* PartnersViewController.xib */; };
		7C69833C28FAC6760037B44B /* PartnersCollectionViewCell.swift in Sources */ = {isa = PBXBuildFile; fileRef = 7C69833A28FAC6750037B44B /* PartnersCollectionViewCell.swift */; };
		7C69833D28FAC6760037B44B /* PartnersCollectionViewCell.xib in Resources */ = {isa = PBXBuildFile; fileRef = 7C69833B28FAC6760037B44B /* PartnersCollectionViewCell.xib */; };
		7C69833F28FAC6FB0037B44B /* DonationsViewController.xib in Resources */ = {isa = PBXBuildFile; fileRef = 7C69833E28FAC6FB0037B44B /* DonationsViewController.xib */; };
		7C69834B28FAD59F0037B44B /* ReportViewCoordinator.swift in Sources */ = {isa = PBXBuildFile; fileRef = 7C69834A28FAD59F0037B44B /* ReportViewCoordinator.swift */; };
		7C69834D28FAD5C70037B44B /* ReportViewModel.swift in Sources */ = {isa = PBXBuildFile; fileRef = 7C69834C28FAD5C70037B44B /* ReportViewModel.swift */; };
		7C69835E28FAD9FA0037B44B /* ReportProblemViewController.swift in Sources */ = {isa = PBXBuildFile; fileRef = 7C69835C28FAD9FA0037B44B /* ReportProblemViewController.swift */; };
		7C69835F28FAD9FA0037B44B /* ReportProblemViewController.xib in Resources */ = {isa = PBXBuildFile; fileRef = 7C69835D28FAD9FA0037B44B /* ReportProblemViewController.xib */; };
		7C69836228FAE7770037B44B /* HomeCollectionViewCell.swift in Sources */ = {isa = PBXBuildFile; fileRef = 7C69836028FAE7770037B44B /* HomeCollectionViewCell.swift */; };
		7C69836328FAE7770037B44B /* HomeCollectionViewCell.xib in Resources */ = {isa = PBXBuildFile; fileRef = 7C69836128FAE7770037B44B /* HomeCollectionViewCell.xib */; };
		7C69836528FAE9B90037B44B /* CustomImageView.swift in Sources */ = {isa = PBXBuildFile; fileRef = 7C69836428FAE9B90037B44B /* CustomImageView.swift */; };
		7C69836C28FAEC9D0037B44B /* CategoriesCoordinator.swift in Sources */ = {isa = PBXBuildFile; fileRef = 7C69836B28FAEC9D0037B44B /* CategoriesCoordinator.swift */; };
		7C69836E28FAECAB0037B44B /* CategoriesViewModel.swift in Sources */ = {isa = PBXBuildFile; fileRef = 7C69836D28FAECAB0037B44B /* CategoriesViewModel.swift */; };
		7C69837028FAECD80037B44B /* CategorySetup.swift in Sources */ = {isa = PBXBuildFile; fileRef = 7C69836F28FAECD80037B44B /* CategorySetup.swift */; };
		7C69837328FAED3D0037B44B /* CategoriesViewController.swift in Sources */ = {isa = PBXBuildFile; fileRef = 7C69837128FAED3D0037B44B /* CategoriesViewController.swift */; };
		7C69837428FAED3D0037B44B /* CategoriesViewController.xib in Resources */ = {isa = PBXBuildFile; fileRef = 7C69837228FAED3D0037B44B /* CategoriesViewController.xib */; };
		7C69837728FAED730037B44B /* CategoryTableViewCell.swift in Sources */ = {isa = PBXBuildFile; fileRef = 7C69837528FAED730037B44B /* CategoryTableViewCell.swift */; };
		7C69837828FAED730037B44B /* CategoryTableViewCell.xib in Resources */ = {isa = PBXBuildFile; fileRef = 7C69837628FAED730037B44B /* CategoryTableViewCell.xib */; };
		7C69838028FAEFB50037B44B /* SuccessfulReportViewController.swift in Sources */ = {isa = PBXBuildFile; fileRef = 7C69837E28FAEFB50037B44B /* SuccessfulReportViewController.swift */; };
		7C69838128FAEFB50037B44B /* SuccessfulReportViewController.xib in Resources */ = {isa = PBXBuildFile; fileRef = 7C69837F28FAEFB50037B44B /* SuccessfulReportViewController.xib */; };
		7C69838328FAEFC70037B44B /* SuccessfulReportCoordinator.swift in Sources */ = {isa = PBXBuildFile; fileRef = 7C69838228FAEFC70037B44B /* SuccessfulReportCoordinator.swift */; };
		7C69838528FAEFD20037B44B /* SuccessfulReportViewModel.swift in Sources */ = {isa = PBXBuildFile; fileRef = 7C69838428FAEFD20037B44B /* SuccessfulReportViewModel.swift */; };
		7C69838928FAF2770037B44B /* CategoriesInformationsViewController.swift in Sources */ = {isa = PBXBuildFile; fileRef = 7C69838728FAF2770037B44B /* CategoriesInformationsViewController.swift */; };
		7C69838A28FAF2770037B44B /* CategoriesInformationsViewController.xib in Resources */ = {isa = PBXBuildFile; fileRef = 7C69838828FAF2770037B44B /* CategoriesInformationsViewController.xib */; };
		7C69838C28FAF2880037B44B /* CategoriesInformationsCoordinator.swift in Sources */ = {isa = PBXBuildFile; fileRef = 7C69838B28FAF2880037B44B /* CategoriesInformationsCoordinator.swift */; };
		7C69838E28FAF2960037B44B /* CategoriesInformationsViewModel.swift in Sources */ = {isa = PBXBuildFile; fileRef = 7C69838D28FAF2960037B44B /* CategoriesInformationsViewModel.swift */; };
		7C69839128FAF3020037B44B /* CategoriesInformationsTableViewCell.swift in Sources */ = {isa = PBXBuildFile; fileRef = 7C69838F28FAF3020037B44B /* CategoriesInformationsTableViewCell.swift */; };
		7C69839228FAF3020037B44B /* CategoriesInformationsTableViewCell.xib in Resources */ = {isa = PBXBuildFile; fileRef = 7C69839028FAF3020037B44B /* CategoriesInformationsTableViewCell.xib */; };
		7C69839628FAF6940037B44B /* NewsDetailsViewController.swift in Sources */ = {isa = PBXBuildFile; fileRef = 7C69839428FAF6940037B44B /* NewsDetailsViewController.swift */; };
		7C69839728FAF6940037B44B /* NewsDetailsViewController.xib in Resources */ = {isa = PBXBuildFile; fileRef = 7C69839528FAF6940037B44B /* NewsDetailsViewController.xib */; };
		7C69839928FAF6AF0037B44B /* NewsDetailsCoordinator.swift in Sources */ = {isa = PBXBuildFile; fileRef = 7C69839828FAF6AF0037B44B /* NewsDetailsCoordinator.swift */; };
		7C69839B28FAF6BD0037B44B /* NewsDetailsViewModel.swift in Sources */ = {isa = PBXBuildFile; fileRef = 7C69839A28FAF6BD0037B44B /* NewsDetailsViewModel.swift */; };
		7C69839F28FB279D0037B44B /* HomeViewController.swift in Sources */ = {isa = PBXBuildFile; fileRef = 7C69839D28FB279D0037B44B /* HomeViewController.swift */; };
		7C6983A028FB279D0037B44B /* HomeViewController.xib in Resources */ = {isa = PBXBuildFile; fileRef = 7C69839E28FB279D0037B44B /* HomeViewController.xib */; };
		7C8896BD28F9EECA0031E5FB /* AppDelegate.swift in Sources */ = {isa = PBXBuildFile; fileRef = 7C8896BC28F9EECA0031E5FB /* AppDelegate.swift */; };
		7C8896C428F9EECA0031E5FB /* Main.storyboard in Resources */ = {isa = PBXBuildFile; fileRef = 7C8896C228F9EECA0031E5FB /* Main.storyboard */; };
		7C8896C628F9EECA0031E5FB /* Assets.xcassets in Resources */ = {isa = PBXBuildFile; fileRef = 7C8896C528F9EECA0031E5FB /* Assets.xcassets */; };
		7C8896C928F9EECA0031E5FB /* LaunchScreen.storyboard in Resources */ = {isa = PBXBuildFile; fileRef = 7C8896C728F9EECA0031E5FB /* LaunchScreen.storyboard */; };
		7C8896D428F9EECA0031E5FB /* zeleniKljucHakatonTests.swift in Sources */ = {isa = PBXBuildFile; fileRef = 7C8896D328F9EECA0031E5FB /* zeleniKljucHakatonTests.swift */; };
		7C8896DE28F9EECA0031E5FB /* zeleniKljucHakatonUITests.swift in Sources */ = {isa = PBXBuildFile; fileRef = 7C8896DD28F9EECA0031E5FB /* zeleniKljucHakatonUITests.swift */; };
		7C8896E028F9EECA0031E5FB /* zeleniKljucHakatonUITestsLaunchTests.swift in Sources */ = {isa = PBXBuildFile; fileRef = 7C8896DF28F9EECA0031E5FB /* zeleniKljucHakatonUITestsLaunchTests.swift */; };
		7C8896ED28F9F1080031E5FB /* GoogleService-Info.plist in Resources */ = {isa = PBXBuildFile; fileRef = 7C8896EC28F9F1080031E5FB /* GoogleService-Info.plist */; };
		7C8896F728F9F3430031E5FB /* HomeViewModel.swift in Sources */ = {isa = PBXBuildFile; fileRef = 7C8896F628F9F3430031E5FB /* HomeViewModel.swift */; };
		7C8896F928F9F35C0031E5FB /* HomeCoordinator.swift in Sources */ = {isa = PBXBuildFile; fileRef = 7C8896F828F9F35C0031E5FB /* HomeCoordinator.swift */; };
		7C8896FC28F9F5D00031E5FB /* TabBarViewControllerFactory.swift in Sources */ = {isa = PBXBuildFile; fileRef = 7C8896FB28F9F5D00031E5FB /* TabBarViewControllerFactory.swift */; };
		7C8896FE28F9F5E00031E5FB /* NavigationTab.swift in Sources */ = {isa = PBXBuildFile; fileRef = 7C8896FD28F9F5E00031E5FB /* NavigationTab.swift */; };
		7C88970028F9F6100031E5FB /* TabBarNavigationController.swift in Sources */ = {isa = PBXBuildFile; fileRef = 7C8896FF28F9F6100031E5FB /* TabBarNavigationController.swift */; };
		7C88970B28F9FAE70031E5FB /* NewsViewModel.swift in Sources */ = {isa = PBXBuildFile; fileRef = 7C88970A28F9FAE70031E5FB /* NewsViewModel.swift */; };
		7C88970D28F9FB030031E5FB /* NewsCoordinator.swift in Sources */ = {isa = PBXBuildFile; fileRef = 7C88970C28F9FB030031E5FB /* NewsCoordinator.swift */; };
		7C88971028F9FC160031E5FB /* PartnersViewController.swift in Sources */ = {isa = PBXBuildFile; fileRef = 7C88970E28F9FC160031E5FB /* PartnersViewController.swift */; };
		7C88971328F9FC2F0031E5FB /* PartnersViewModel.swift in Sources */ = {isa = PBXBuildFile; fileRef = 7C88971228F9FC2F0031E5FB /* PartnersViewModel.swift */; };
		7C88971528F9FC3E0031E5FB /* PartnersCoordinator.swift in Sources */ = {isa = PBXBuildFile; fileRef = 7C88971428F9FC3E0031E5FB /* PartnersCoordinator.swift */; };
		7C88971728FA99CB0031E5FB /* RepositoryModule.swift in Sources */ = {isa = PBXBuildFile; fileRef = 7C88971628FA99CB0031E5FB /* RepositoryModule.swift */; };
		7C88971C28FA9A330031E5FB /* RepositoryModuleProtocol.swift in Sources */ = {isa = PBXBuildFile; fileRef = 7C88971B28FA9A330031E5FB /* RepositoryModuleProtocol.swift */; };
		7C88971E28FA9A640031E5FB /* CategoriesProtocol.swift in Sources */ = {isa = PBXBuildFile; fileRef = 7C88971D28FA9A640031E5FB /* CategoriesProtocol.swift */; };
		7C88972028FA9A780031E5FB /* ProblemReportProtocol.swift in Sources */ = {isa = PBXBuildFile; fileRef = 7C88971F28FA9A780031E5FB /* ProblemReportProtocol.swift */; };
		7C88972228FA9A8B0031E5FB /* ContactDataProtocol.swift in Sources */ = {isa = PBXBuildFile; fileRef = 7C88972128FA9A8B0031E5FB /* ContactDataProtocol.swift */; };
		7C88972428FA9A9D0031E5FB /* DonationsProtocol.swift in Sources */ = {isa = PBXBuildFile; fileRef = 7C88972328FA9A9D0031E5FB /* DonationsProtocol.swift */; };
		7C88972628FA9AAA0031E5FB /* NewsPorotocol.swift in Sources */ = {isa = PBXBuildFile; fileRef = 7C88972528FA9AAA0031E5FB /* NewsPorotocol.swift */; };
		7C88972828FA9AC70031E5FB /* PartnerDetailsProtocol.swift in Sources */ = {isa = PBXBuildFile; fileRef = 7C88972728FA9AC70031E5FB /* PartnerDetailsProtocol.swift */; };
		7C88972B28FA9B6E0031E5FB /* ProblemReportModel.swift in Sources */ = {isa = PBXBuildFile; fileRef = 7C88972A28FA9B6E0031E5FB /* ProblemReportModel.swift */; };
		7C88972D28FA9BBF0031E5FB /* ManagerProtocol.swift in Sources */ = {isa = PBXBuildFile; fileRef = 7C88972C28FA9BBF0031E5FB /* ManagerProtocol.swift */; };
		7C88973028FA9BD60031E5FB /* FirebaseManager.swift in Sources */ = {isa = PBXBuildFile; fileRef = 7C88972F28FA9BD60031E5FB /* FirebaseManager.swift */; };
		7C88973328FA9F1A0031E5FB /* DonationsCoordinator.swift in Sources */ = {isa = PBXBuildFile; fileRef = 7C88973228FA9F1A0031E5FB /* DonationsCoordinator.swift */; };
		7C88973628FA9F300031E5FB /* DonationsViewModel.swift in Sources */ = {isa = PBXBuildFile; fileRef = 7C88973528FA9F2F0031E5FB /* DonationsViewModel.swift */; };
		7C88973928FA9F4E0031E5FB /* DonationsViewController.swift in Sources */ = {isa = PBXBuildFile; fileRef = 7C88973728FA9F4E0031E5FB /* DonationsViewController.swift */; };
		7C88974028FA9F840031E5FB /* ContactCoordinator.swift in Sources */ = {isa = PBXBuildFile; fileRef = 7C88973F28FA9F840031E5FB /* ContactCoordinator.swift */; };
		7C88974228FA9F930031E5FB /* ContactViewModel.swift in Sources */ = {isa = PBXBuildFile; fileRef = 7C88974128FA9F930031E5FB /* ContactViewModel.swift */; };
		7C88974428FAA0840031E5FB /* CategoryModel.swift in Sources */ = {isa = PBXBuildFile; fileRef = 7C88974328FAA0840031E5FB /* CategoryModel.swift */; };
		7C88974628FAA0980031E5FB /* ContactScreenModel.swift in Sources */ = {isa = PBXBuildFile; fileRef = 7C88974528FAA0980031E5FB /* ContactScreenModel.swift */; };
		7C88974828FAA0AD0031E5FB /* DonationsScreenModel.swift in Sources */ = {isa = PBXBuildFile; fileRef = 7C88974728FAA0AD0031E5FB /* DonationsScreenModel.swift */; };
		7C88974A28FAA0B80031E5FB /* Link.swift in Sources */ = {isa = PBXBuildFile; fileRef = 7C88974928FAA0B80031E5FB /* Link.swift */; };
		7C88974C28FAA0C90031E5FB /* News.swift in Sources */ = {isa = PBXBuildFile; fileRef = 7C88974B28FAA0C90031E5FB /* News.swift */; };
		7C88974E28FAA0DC0031E5FB /* Partner.swift in Sources */ = {isa = PBXBuildFile; fileRef = 7C88974D28FAA0DC0031E5FB /* Partner.swift */; };
		7C88975028FAA0EA0031E5FB /* PartnersScreenModel.swift in Sources */ = {isa = PBXBuildFile; fileRef = 7C88974F28FAA0EA0031E5FB /* PartnersScreenModel.swift */; };
/* End PBXBuildFile section */

/* Begin PBXContainerItemProxy section */
		7C8896D028F9EECA0031E5FB /* PBXContainerItemProxy */ = {
			isa = PBXContainerItemProxy;
			containerPortal = 7C8896B128F9EEC90031E5FB /* Project object */;
			proxyType = 1;
			remoteGlobalIDString = 7C8896B828F9EECA0031E5FB;
			remoteInfo = zeleniKljucHakaton;
		};
		7C8896DA28F9EECA0031E5FB /* PBXContainerItemProxy */ = {
			isa = PBXContainerItemProxy;
			containerPortal = 7C8896B128F9EEC90031E5FB /* Project object */;
			proxyType = 1;
			remoteGlobalIDString = 7C8896B828F9EECA0031E5FB;
			remoteInfo = zeleniKljucHakaton;
		};
/* End PBXContainerItemProxy section */

/* Begin PBXFileReference section */
		0CC8CFB3DA4B25A7D10C4369 /* Pods-zeleniKljucHakaton.debug.xcconfig */ = {isa = PBXFileReference; includeInIndex = 1; lastKnownFileType = text.xcconfig; name = "Pods-zeleniKljucHakaton.debug.xcconfig"; path = "Target Support Files/Pods-zeleniKljucHakaton/Pods-zeleniKljucHakaton.debug.xcconfig"; sourceTree = "<group>"; };
		532844CF28FAAAC5008695F3 /* ImagePicker.swift */ = {isa = PBXFileReference; lastKnownFileType = sourcecode.swift; path = ImagePicker.swift; sourceTree = "<group>"; };
		532844D128FAAD6D008695F3 /* Coordinating.swift */ = {isa = PBXFileReference; lastKnownFileType = sourcecode.swift; path = Coordinating.swift; sourceTree = "<group>"; };
		654DD142DA2F0D8E7E45A348 /* Pods-zeleniKljucHakaton.release.xcconfig */ = {isa = PBXFileReference; includeInIndex = 1; lastKnownFileType = text.xcconfig; name = "Pods-zeleniKljucHakaton.release.xcconfig"; path = "Target Support Files/Pods-zeleniKljucHakaton/Pods-zeleniKljucHakaton.release.xcconfig"; sourceTree = "<group>"; };
		7C69832928FAC3CB0037B44B /* ContactViewController.swift */ = {isa = PBXFileReference; fileEncoding = 4; lastKnownFileType = sourcecode.swift; path = ContactViewController.swift; sourceTree = "<group>"; };
		7C69832A28FAC3CB0037B44B /* ContactViewController.xib */ = {isa = PBXFileReference; fileEncoding = 4; lastKnownFileType = file.xib; path = ContactViewController.xib; sourceTree = "<group>"; };
		7C69832E28FAC4640037B44B /* NotificationName+extension.swift */ = {isa = PBXFileReference; lastKnownFileType = sourcecode.swift; path = "NotificationName+extension.swift"; sourceTree = "<group>"; };
		7C69833028FAC5290037B44B /* NewsViewController.swift */ = {isa = PBXFileReference; fileEncoding = 4; lastKnownFileType = sourcecode.swift; path = NewsViewController.swift; sourceTree = "<group>"; };
		7C69833128FAC5290037B44B /* NewsViewController.xib */ = {isa = PBXFileReference; fileEncoding = 4; lastKnownFileType = file.xib; path = NewsViewController.xib; sourceTree = "<group>"; };
		7C69833428FAC5470037B44B /* NewsCollectionViewCell.swift */ = {isa = PBXFileReference; fileEncoding = 4; lastKnownFileType = sourcecode.swift; path = NewsCollectionViewCell.swift; sourceTree = "<group>"; };
		7C69833528FAC5470037B44B /* NewsCollectionViewCell.xib */ = {isa = PBXFileReference; fileEncoding = 4; lastKnownFileType = file.xib; path = NewsCollectionViewCell.xib; sourceTree = "<group>"; };
		7C69833828FAC66E0037B44B /* PartnersViewController.xib */ = {isa = PBXFileReference; fileEncoding = 4; lastKnownFileType = file.xib; path = PartnersViewController.xib; sourceTree = "<group>"; };
		7C69833A28FAC6750037B44B /* PartnersCollectionViewCell.swift */ = {isa = PBXFileReference; fileEncoding = 4; lastKnownFileType = sourcecode.swift; path = PartnersCollectionViewCell.swift; sourceTree = "<group>"; };
		7C69833B28FAC6760037B44B /* PartnersCollectionViewCell.xib */ = {isa = PBXFileReference; fileEncoding = 4; lastKnownFileType = file.xib; path = PartnersCollectionViewCell.xib; sourceTree = "<group>"; };
		7C69833E28FAC6FB0037B44B /* DonationsViewController.xib */ = {isa = PBXFileReference; fileEncoding = 4; lastKnownFileType = file.xib; path = DonationsViewController.xib; sourceTree = "<group>"; };
		7C69834A28FAD59F0037B44B /* ReportViewCoordinator.swift */ = {isa = PBXFileReference; lastKnownFileType = sourcecode.swift; path = ReportViewCoordinator.swift; sourceTree = "<group>"; };
		7C69834C28FAD5C70037B44B /* ReportViewModel.swift */ = {isa = PBXFileReference; lastKnownFileType = sourcecode.swift; path = ReportViewModel.swift; sourceTree = "<group>"; };
		7C69835C28FAD9FA0037B44B /* ReportProblemViewController.swift */ = {isa = PBXFileReference; lastKnownFileType = sourcecode.swift; path = ReportProblemViewController.swift; sourceTree = "<group>"; };
		7C69835D28FAD9FA0037B44B /* ReportProblemViewController.xib */ = {isa = PBXFileReference; lastKnownFileType = file.xib; path = ReportProblemViewController.xib; sourceTree = "<group>"; };
		7C69836028FAE7770037B44B /* HomeCollectionViewCell.swift */ = {isa = PBXFileReference; lastKnownFileType = sourcecode.swift; path = HomeCollectionViewCell.swift; sourceTree = "<group>"; };
		7C69836128FAE7770037B44B /* HomeCollectionViewCell.xib */ = {isa = PBXFileReference; lastKnownFileType = file.xib; path = HomeCollectionViewCell.xib; sourceTree = "<group>"; };
		7C69836428FAE9B90037B44B /* CustomImageView.swift */ = {isa = PBXFileReference; lastKnownFileType = sourcecode.swift; path = CustomImageView.swift; sourceTree = "<group>"; };
		7C69836B28FAEC9D0037B44B /* CategoriesCoordinator.swift */ = {isa = PBXFileReference; lastKnownFileType = sourcecode.swift; path = CategoriesCoordinator.swift; sourceTree = "<group>"; };
		7C69836D28FAECAB0037B44B /* CategoriesViewModel.swift */ = {isa = PBXFileReference; lastKnownFileType = sourcecode.swift; path = CategoriesViewModel.swift; sourceTree = "<group>"; };
		7C69836F28FAECD80037B44B /* CategorySetup.swift */ = {isa = PBXFileReference; lastKnownFileType = sourcecode.swift; path = CategorySetup.swift; sourceTree = "<group>"; };
		7C69837128FAED3D0037B44B /* CategoriesViewController.swift */ = {isa = PBXFileReference; lastKnownFileType = sourcecode.swift; path = CategoriesViewController.swift; sourceTree = "<group>"; };
		7C69837228FAED3D0037B44B /* CategoriesViewController.xib */ = {isa = PBXFileReference; lastKnownFileType = file.xib; path = CategoriesViewController.xib; sourceTree = "<group>"; };
		7C69837528FAED730037B44B /* CategoryTableViewCell.swift */ = {isa = PBXFileReference; lastKnownFileType = sourcecode.swift; path = CategoryTableViewCell.swift; sourceTree = "<group>"; };
		7C69837628FAED730037B44B /* CategoryTableViewCell.xib */ = {isa = PBXFileReference; lastKnownFileType = file.xib; path = CategoryTableViewCell.xib; sourceTree = "<group>"; };
		7C69837E28FAEFB50037B44B /* SuccessfulReportViewController.swift */ = {isa = PBXFileReference; lastKnownFileType = sourcecode.swift; path = SuccessfulReportViewController.swift; sourceTree = "<group>"; };
		7C69837F28FAEFB50037B44B /* SuccessfulReportViewController.xib */ = {isa = PBXFileReference; lastKnownFileType = file.xib; path = SuccessfulReportViewController.xib; sourceTree = "<group>"; };
		7C69838228FAEFC70037B44B /* SuccessfulReportCoordinator.swift */ = {isa = PBXFileReference; lastKnownFileType = sourcecode.swift; path = SuccessfulReportCoordinator.swift; sourceTree = "<group>"; };
		7C69838428FAEFD20037B44B /* SuccessfulReportViewModel.swift */ = {isa = PBXFileReference; lastKnownFileType = sourcecode.swift; path = SuccessfulReportViewModel.swift; sourceTree = "<group>"; };
		7C69838728FAF2770037B44B /* CategoriesInformationsViewController.swift */ = {isa = PBXFileReference; lastKnownFileType = sourcecode.swift; path = CategoriesInformationsViewController.swift; sourceTree = "<group>"; };
		7C69838828FAF2770037B44B /* CategoriesInformationsViewController.xib */ = {isa = PBXFileReference; lastKnownFileType = file.xib; path = CategoriesInformationsViewController.xib; sourceTree = "<group>"; };
		7C69838B28FAF2880037B44B /* CategoriesInformationsCoordinator.swift */ = {isa = PBXFileReference; lastKnownFileType = sourcecode.swift; path = CategoriesInformationsCoordinator.swift; sourceTree = "<group>"; };
		7C69838D28FAF2960037B44B /* CategoriesInformationsViewModel.swift */ = {isa = PBXFileReference; lastKnownFileType = sourcecode.swift; path = CategoriesInformationsViewModel.swift; sourceTree = "<group>"; };
		7C69838F28FAF3020037B44B /* CategoriesInformationsTableViewCell.swift */ = {isa = PBXFileReference; lastKnownFileType = sourcecode.swift; path = CategoriesInformationsTableViewCell.swift; sourceTree = "<group>"; };
		7C69839028FAF3020037B44B /* CategoriesInformationsTableViewCell.xib */ = {isa = PBXFileReference; lastKnownFileType = file.xib; path = CategoriesInformationsTableViewCell.xib; sourceTree = "<group>"; };
		7C69839428FAF6940037B44B /* NewsDetailsViewController.swift */ = {isa = PBXFileReference; lastKnownFileType = sourcecode.swift; path = NewsDetailsViewController.swift; sourceTree = "<group>"; };
		7C69839528FAF6940037B44B /* NewsDetailsViewController.xib */ = {isa = PBXFileReference; lastKnownFileType = file.xib; path = NewsDetailsViewController.xib; sourceTree = "<group>"; };
		7C69839828FAF6AF0037B44B /* NewsDetailsCoordinator.swift */ = {isa = PBXFileReference; lastKnownFileType = sourcecode.swift; path = NewsDetailsCoordinator.swift; sourceTree = "<group>"; };
		7C69839A28FAF6BD0037B44B /* NewsDetailsViewModel.swift */ = {isa = PBXFileReference; lastKnownFileType = sourcecode.swift; path = NewsDetailsViewModel.swift; sourceTree = "<group>"; };
		7C69839D28FB279D0037B44B /* HomeViewController.swift */ = {isa = PBXFileReference; lastKnownFileType = sourcecode.swift; path = HomeViewController.swift; sourceTree = "<group>"; };
		7C69839E28FB279D0037B44B /* HomeViewController.xib */ = {isa = PBXFileReference; lastKnownFileType = file.xib; path = HomeViewController.xib; sourceTree = "<group>"; };
		7C8896B928F9EECA0031E5FB /* zeleniKljucHakaton.app */ = {isa = PBXFileReference; explicitFileType = wrapper.application; includeInIndex = 0; path = zeleniKljucHakaton.app; sourceTree = BUILT_PRODUCTS_DIR; };
		7C8896BC28F9EECA0031E5FB /* AppDelegate.swift */ = {isa = PBXFileReference; lastKnownFileType = sourcecode.swift; path = AppDelegate.swift; sourceTree = "<group>"; };
		7C8896C328F9EECA0031E5FB /* Base */ = {isa = PBXFileReference; lastKnownFileType = file.storyboard; name = Base; path = Base.lproj/Main.storyboard; sourceTree = "<group>"; };
		7C8896C528F9EECA0031E5FB /* Assets.xcassets */ = {isa = PBXFileReference; lastKnownFileType = folder.assetcatalog; path = Assets.xcassets; sourceTree = "<group>"; };
		7C8896C828F9EECA0031E5FB /* Base */ = {isa = PBXFileReference; lastKnownFileType = file.storyboard; name = Base; path = Base.lproj/LaunchScreen.storyboard; sourceTree = "<group>"; };
		7C8896CA28F9EECA0031E5FB /* Info.plist */ = {isa = PBXFileReference; lastKnownFileType = text.plist.xml; path = Info.plist; sourceTree = "<group>"; };
		7C8896CF28F9EECA0031E5FB /* zeleniKljucHakatonTests.xctest */ = {isa = PBXFileReference; explicitFileType = wrapper.cfbundle; includeInIndex = 0; path = zeleniKljucHakatonTests.xctest; sourceTree = BUILT_PRODUCTS_DIR; };
		7C8896D328F9EECA0031E5FB /* zeleniKljucHakatonTests.swift */ = {isa = PBXFileReference; lastKnownFileType = sourcecode.swift; path = zeleniKljucHakatonTests.swift; sourceTree = "<group>"; };
		7C8896D928F9EECA0031E5FB /* zeleniKljucHakatonUITests.xctest */ = {isa = PBXFileReference; explicitFileType = wrapper.cfbundle; includeInIndex = 0; path = zeleniKljucHakatonUITests.xctest; sourceTree = BUILT_PRODUCTS_DIR; };
		7C8896DD28F9EECA0031E5FB /* zeleniKljucHakatonUITests.swift */ = {isa = PBXFileReference; lastKnownFileType = sourcecode.swift; path = zeleniKljucHakatonUITests.swift; sourceTree = "<group>"; };
		7C8896DF28F9EECA0031E5FB /* zeleniKljucHakatonUITestsLaunchTests.swift */ = {isa = PBXFileReference; lastKnownFileType = sourcecode.swift; path = zeleniKljucHakatonUITestsLaunchTests.swift; sourceTree = "<group>"; };
		7C8896EC28F9F1080031E5FB /* GoogleService-Info.plist */ = {isa = PBXFileReference; fileEncoding = 4; lastKnownFileType = text.plist.xml; path = "GoogleService-Info.plist"; sourceTree = "<group>"; };
		7C8896F628F9F3430031E5FB /* HomeViewModel.swift */ = {isa = PBXFileReference; lastKnownFileType = sourcecode.swift; path = HomeViewModel.swift; sourceTree = "<group>"; };
		7C8896F828F9F35C0031E5FB /* HomeCoordinator.swift */ = {isa = PBXFileReference; lastKnownFileType = sourcecode.swift; path = HomeCoordinator.swift; sourceTree = "<group>"; };
		7C8896FB28F9F5D00031E5FB /* TabBarViewControllerFactory.swift */ = {isa = PBXFileReference; lastKnownFileType = sourcecode.swift; path = TabBarViewControllerFactory.swift; sourceTree = "<group>"; };
		7C8896FD28F9F5E00031E5FB /* NavigationTab.swift */ = {isa = PBXFileReference; lastKnownFileType = sourcecode.swift; path = NavigationTab.swift; sourceTree = "<group>"; };
		7C8896FF28F9F6100031E5FB /* TabBarNavigationController.swift */ = {isa = PBXFileReference; lastKnownFileType = sourcecode.swift; path = TabBarNavigationController.swift; sourceTree = "<group>"; };
		7C88970A28F9FAE70031E5FB /* NewsViewModel.swift */ = {isa = PBXFileReference; lastKnownFileType = sourcecode.swift; path = NewsViewModel.swift; sourceTree = "<group>"; };
		7C88970C28F9FB030031E5FB /* NewsCoordinator.swift */ = {isa = PBXFileReference; lastKnownFileType = sourcecode.swift; path = NewsCoordinator.swift; sourceTree = "<group>"; };
		7C88970E28F9FC160031E5FB /* PartnersViewController.swift */ = {isa = PBXFileReference; lastKnownFileType = sourcecode.swift; path = PartnersViewController.swift; sourceTree = "<group>"; };
		7C88971228F9FC2F0031E5FB /* PartnersViewModel.swift */ = {isa = PBXFileReference; lastKnownFileType = sourcecode.swift; path = PartnersViewModel.swift; sourceTree = "<group>"; };
		7C88971428F9FC3E0031E5FB /* PartnersCoordinator.swift */ = {isa = PBXFileReference; lastKnownFileType = sourcecode.swift; path = PartnersCoordinator.swift; sourceTree = "<group>"; };
		7C88971628FA99CB0031E5FB /* RepositoryModule.swift */ = {isa = PBXFileReference; lastKnownFileType = sourcecode.swift; path = RepositoryModule.swift; sourceTree = "<group>"; };
		7C88971B28FA9A330031E5FB /* RepositoryModuleProtocol.swift */ = {isa = PBXFileReference; lastKnownFileType = sourcecode.swift; path = RepositoryModuleProtocol.swift; sourceTree = "<group>"; };
		7C88971D28FA9A640031E5FB /* CategoriesProtocol.swift */ = {isa = PBXFileReference; lastKnownFileType = sourcecode.swift; path = CategoriesProtocol.swift; sourceTree = "<group>"; };
		7C88971F28FA9A780031E5FB /* ProblemReportProtocol.swift */ = {isa = PBXFileReference; lastKnownFileType = sourcecode.swift; path = ProblemReportProtocol.swift; sourceTree = "<group>"; };
		7C88972128FA9A8B0031E5FB /* ContactDataProtocol.swift */ = {isa = PBXFileReference; lastKnownFileType = sourcecode.swift; path = ContactDataProtocol.swift; sourceTree = "<group>"; };
		7C88972328FA9A9D0031E5FB /* DonationsProtocol.swift */ = {isa = PBXFileReference; lastKnownFileType = sourcecode.swift; path = DonationsProtocol.swift; sourceTree = "<group>"; };
		7C88972528FA9AAA0031E5FB /* NewsPorotocol.swift */ = {isa = PBXFileReference; lastKnownFileType = sourcecode.swift; path = NewsPorotocol.swift; sourceTree = "<group>"; };
		7C88972728FA9AC70031E5FB /* PartnerDetailsProtocol.swift */ = {isa = PBXFileReference; lastKnownFileType = sourcecode.swift; path = PartnerDetailsProtocol.swift; sourceTree = "<group>"; };
		7C88972A28FA9B6E0031E5FB /* ProblemReportModel.swift */ = {isa = PBXFileReference; lastKnownFileType = sourcecode.swift; path = ProblemReportModel.swift; sourceTree = "<group>"; };
		7C88972C28FA9BBF0031E5FB /* ManagerProtocol.swift */ = {isa = PBXFileReference; lastKnownFileType = sourcecode.swift; path = ManagerProtocol.swift; sourceTree = "<group>"; };
		7C88972F28FA9BD60031E5FB /* FirebaseManager.swift */ = {isa = PBXFileReference; lastKnownFileType = sourcecode.swift; path = FirebaseManager.swift; sourceTree = "<group>"; };
		7C88973228FA9F1A0031E5FB /* DonationsCoordinator.swift */ = {isa = PBXFileReference; lastKnownFileType = sourcecode.swift; path = DonationsCoordinator.swift; sourceTree = "<group>"; };
		7C88973528FA9F2F0031E5FB /* DonationsViewModel.swift */ = {isa = PBXFileReference; lastKnownFileType = sourcecode.swift; path = DonationsViewModel.swift; sourceTree = "<group>"; };
		7C88973728FA9F4E0031E5FB /* DonationsViewController.swift */ = {isa = PBXFileReference; lastKnownFileType = sourcecode.swift; path = DonationsViewController.swift; sourceTree = "<group>"; };
		7C88973F28FA9F840031E5FB /* ContactCoordinator.swift */ = {isa = PBXFileReference; lastKnownFileType = sourcecode.swift; path = ContactCoordinator.swift; sourceTree = "<group>"; };
		7C88974128FA9F930031E5FB /* ContactViewModel.swift */ = {isa = PBXFileReference; lastKnownFileType = sourcecode.swift; path = ContactViewModel.swift; sourceTree = "<group>"; };
		7C88974328FAA0840031E5FB /* CategoryModel.swift */ = {isa = PBXFileReference; lastKnownFileType = sourcecode.swift; path = CategoryModel.swift; sourceTree = "<group>"; };
		7C88974528FAA0980031E5FB /* ContactScreenModel.swift */ = {isa = PBXFileReference; lastKnownFileType = sourcecode.swift; path = ContactScreenModel.swift; sourceTree = "<group>"; };
		7C88974728FAA0AD0031E5FB /* DonationsScreenModel.swift */ = {isa = PBXFileReference; lastKnownFileType = sourcecode.swift; path = DonationsScreenModel.swift; sourceTree = "<group>"; };
		7C88974928FAA0B80031E5FB /* Link.swift */ = {isa = PBXFileReference; lastKnownFileType = sourcecode.swift; path = Link.swift; sourceTree = "<group>"; };
		7C88974B28FAA0C90031E5FB /* News.swift */ = {isa = PBXFileReference; lastKnownFileType = sourcecode.swift; path = News.swift; sourceTree = "<group>"; };
		7C88974D28FAA0DC0031E5FB /* Partner.swift */ = {isa = PBXFileReference; lastKnownFileType = sourcecode.swift; path = Partner.swift; sourceTree = "<group>"; };
		7C88974F28FAA0EA0031E5FB /* PartnersScreenModel.swift */ = {isa = PBXFileReference; lastKnownFileType = sourcecode.swift; path = PartnersScreenModel.swift; sourceTree = "<group>"; };
		98C41C581C5ED718D7E80FB5 /* Pods_zeleniKljucHakaton.framework */ = {isa = PBXFileReference; explicitFileType = wrapper.framework; includeInIndex = 0; path = Pods_zeleniKljucHakaton.framework; sourceTree = BUILT_PRODUCTS_DIR; };
/* End PBXFileReference section */

/* Begin PBXFrameworksBuildPhase section */
		7C8896B628F9EECA0031E5FB /* Frameworks */ = {
			isa = PBXFrameworksBuildPhase;
			buildActionMask = 2147483647;
			files = (
				664D5AB2328B7F200D3E3EF6 /* Pods_zeleniKljucHakaton.framework in Frameworks */,
			);
			runOnlyForDeploymentPostprocessing = 0;
		};
		7C8896CC28F9EECA0031E5FB /* Frameworks */ = {
			isa = PBXFrameworksBuildPhase;
			buildActionMask = 2147483647;
			files = (
			);
			runOnlyForDeploymentPostprocessing = 0;
		};
		7C8896D628F9EECA0031E5FB /* Frameworks */ = {
			isa = PBXFrameworksBuildPhase;
			buildActionMask = 2147483647;
			files = (
			);
			runOnlyForDeploymentPostprocessing = 0;
		};
/* End PBXFrameworksBuildPhase section */

/* Begin PBXGroup section */
		532844CE28FAAAB0008695F3 /* Image Picker */ = {
			isa = PBXGroup;
			children = (
				532844CF28FAAAC5008695F3 /* ImagePicker.swift */,
			);
			path = "Image Picker";
			sourceTree = "<group>";
		};
		7C69832D28FAC4470037B44B /* extensions */ = {
			isa = PBXGroup;
			children = (
				7C69832E28FAC4640037B44B /* NotificationName+extension.swift */,
			);
			path = extensions;
			sourceTree = "<group>";
		};
		7C69836628FAEC450037B44B /* SelectCategory */ = {
			isa = PBXGroup;
			children = (
				7C69837228FAED3D0037B44B /* CategoriesViewController.xib */,
				7C69837128FAED3D0037B44B /* CategoriesViewController.swift */,
				7C69836D28FAECAB0037B44B /* CategoriesViewModel.swift */,
				7C69836B28FAEC9D0037B44B /* CategoriesCoordinator.swift */,
				7C69837528FAED730037B44B /* CategoryTableViewCell.swift */,
				7C69837628FAED730037B44B /* CategoryTableViewCell.xib */,
			);
			path = SelectCategory;
			sourceTree = "<group>";
		};
		7C69837928FAEF440037B44B /* SuccessfulSentReport */ = {
			isa = PBXGroup;
			children = (
				7C69837F28FAEFB50037B44B /* SuccessfulReportViewController.xib */,
				7C69837E28FAEFB50037B44B /* SuccessfulReportViewController.swift */,
				7C69838428FAEFD20037B44B /* SuccessfulReportViewModel.swift */,
				7C69838228FAEFC70037B44B /* SuccessfulReportCoordinator.swift */,
			);
			path = SuccessfulSentReport;
			sourceTree = "<group>";
		};
		7C69838628FAF21C0037B44B /* CategoriesInformations */ = {
			isa = PBXGroup;
			children = (
				7C69838828FAF2770037B44B /* CategoriesInformationsViewController.xib */,
				7C69838728FAF2770037B44B /* CategoriesInformationsViewController.swift */,
				7C69838B28FAF2880037B44B /* CategoriesInformationsCoordinator.swift */,
				7C69838D28FAF2960037B44B /* CategoriesInformationsViewModel.swift */,
				7C69838F28FAF3020037B44B /* CategoriesInformationsTableViewCell.swift */,
				7C69839028FAF3020037B44B /* CategoriesInformationsTableViewCell.xib */,
			);
			path = CategoriesInformations;
			sourceTree = "<group>";
		};
		7C69839328FAF65A0037B44B /* NewsDetails */ = {
			isa = PBXGroup;
			children = (
				7C69839528FAF6940037B44B /* NewsDetailsViewController.xib */,
				7C69839428FAF6940037B44B /* NewsDetailsViewController.swift */,
				7C69839A28FAF6BD0037B44B /* NewsDetailsViewModel.swift */,
				7C69839828FAF6AF0037B44B /* NewsDetailsCoordinator.swift */,
			);
			path = NewsDetails;
			sourceTree = "<group>";
		};
		7C8896B028F9EEC90031E5FB = {
			isa = PBXGroup;
			children = (
				7C8896BB28F9EECA0031E5FB /* zeleniKljucHakaton */,
				7C8896D228F9EECA0031E5FB /* zeleniKljucHakatonTests */,
				7C8896DC28F9EECA0031E5FB /* zeleniKljucHakatonUITests */,
				7C8896BA28F9EECA0031E5FB /* Products */,
				C8EA46EAC3F1A7AFAC20F139 /* Pods */,
				E8DCBCAF45853274310FDB2A /* Frameworks */,
			);
			sourceTree = "<group>";
		};
		7C8896BA28F9EECA0031E5FB /* Products */ = {
			isa = PBXGroup;
			children = (
				7C8896B928F9EECA0031E5FB /* zeleniKljucHakaton.app */,
				7C8896CF28F9EECA0031E5FB /* zeleniKljucHakatonTests.xctest */,
				7C8896D928F9EECA0031E5FB /* zeleniKljucHakatonUITests.xctest */,
			);
			name = Products;
			sourceTree = "<group>";
		};
		7C8896BB28F9EECA0031E5FB /* zeleniKljucHakaton */ = {
			isa = PBXGroup;
			children = (
				7C69832D28FAC4470037B44B /* extensions */,
				7C8896F128F9F3120031E5FB /* data */,
				7C8896F028F9F30B0031E5FB /* domain */,
				7C8896EF28F9F2FD0031E5FB /* ui */,
				7C8896BC28F9EECA0031E5FB /* AppDelegate.swift */,
				7C8896C228F9EECA0031E5FB /* Main.storyboard */,
				7C8896C528F9EECA0031E5FB /* Assets.xcassets */,
				7C8896C728F9EECA0031E5FB /* LaunchScreen.storyboard */,
				7C8896EC28F9F1080031E5FB /* GoogleService-Info.plist */,
				7C8896CA28F9EECA0031E5FB /* Info.plist */,
			);
			path = zeleniKljucHakaton;
			sourceTree = "<group>";
		};
		7C8896D228F9EECA0031E5FB /* zeleniKljucHakatonTests */ = {
			isa = PBXGroup;
			children = (
				7C8896D328F9EECA0031E5FB /* zeleniKljucHakatonTests.swift */,
			);
			path = zeleniKljucHakatonTests;
			sourceTree = "<group>";
		};
		7C8896DC28F9EECA0031E5FB /* zeleniKljucHakatonUITests */ = {
			isa = PBXGroup;
			children = (
				7C8896DD28F9EECA0031E5FB /* zeleniKljucHakatonUITests.swift */,
				7C8896DF28F9EECA0031E5FB /* zeleniKljucHakatonUITestsLaunchTests.swift */,
			);
			path = zeleniKljucHakatonUITests;
			sourceTree = "<group>";
		};
		7C8896EE28F9F1BF0031E5FB /* Home */ = {
			isa = PBXGroup;
			children = (
				7C69839E28FB279D0037B44B /* HomeViewController.xib */,
				7C69839D28FB279D0037B44B /* HomeViewController.swift */,
				7C8896F628F9F3430031E5FB /* HomeViewModel.swift */,
				7C8896F828F9F35C0031E5FB /* HomeCoordinator.swift */,
				7C69836028FAE7770037B44B /* HomeCollectionViewCell.swift */,
				7C69836128FAE7770037B44B /* HomeCollectionViewCell.xib */,
			);
			path = Home;
			sourceTree = "<group>";
		};
		7C8896EF28F9F2FD0031E5FB /* ui */ = {
			isa = PBXGroup;
			children = (
				7C69838628FAF21C0037B44B /* CategoriesInformations */,
				7C69837928FAEF440037B44B /* SuccessfulSentReport */,
				7C69836628FAEC450037B44B /* SelectCategory */,
				7C88970528F9FA7E0031E5FB /* ReportProblem */,
				7C88970428F9FA710031E5FB /* Contact */,
				7C88970328F9FA680031E5FB /* Donations */,
				7C88970228F9F7D10031E5FB /* Partners */,
				7C69839328FAF65A0037B44B /* NewsDetails */,
				7C88970128F9F64F0031E5FB /* News */,
				7C8896EE28F9F1BF0031E5FB /* Home */,
				7C8896FA28F9F5450031E5FB /* CustomTabBar */,
				7C88972928FA9B550031E5FB /* Models */,
			);
			path = ui;
			sourceTree = "<group>";
		};
		7C8896F028F9F30B0031E5FB /* domain */ = {
			isa = PBXGroup;
			children = (
				7C88971628FA99CB0031E5FB /* RepositoryModule.swift */,
				7C88973128FA9D140031E5FB /* libraries */,
				7C88971828FA99CE0031E5FB /* protocols */,
			);
			path = domain;
			sourceTree = "<group>";
		};
		7C8896F128F9F3120031E5FB /* data */ = {
			isa = PBXGroup;
			children = (
				7C88972C28FA9BBF0031E5FB /* ManagerProtocol.swift */,
				7C88972E28FA9BC40031E5FB /* firebase */,
			);
			path = data;
			sourceTree = "<group>";
		};
		7C8896FA28F9F5450031E5FB /* CustomTabBar */ = {
			isa = PBXGroup;
			children = (
				7C8896FB28F9F5D00031E5FB /* TabBarViewControllerFactory.swift */,
				7C8896FD28F9F5E00031E5FB /* NavigationTab.swift */,
				7C8896FF28F9F6100031E5FB /* TabBarNavigationController.swift */,
			);
			path = CustomTabBar;
			sourceTree = "<group>";
		};
		7C88970128F9F64F0031E5FB /* News */ = {
			isa = PBXGroup;
			children = (
				7C69833128FAC5290037B44B /* NewsViewController.xib */,
				7C69833028FAC5290037B44B /* NewsViewController.swift */,
				7C88970A28F9FAE70031E5FB /* NewsViewModel.swift */,
				7C88970C28F9FB030031E5FB /* NewsCoordinator.swift */,
				7C69833428FAC5470037B44B /* NewsCollectionViewCell.swift */,
				7C69833528FAC5470037B44B /* NewsCollectionViewCell.xib */,
			);
			path = News;
			sourceTree = "<group>";
		};
		7C88970228F9F7D10031E5FB /* Partners */ = {
			isa = PBXGroup;
			children = (
				7C69833828FAC66E0037B44B /* PartnersViewController.xib */,
				7C88970E28F9FC160031E5FB /* PartnersViewController.swift */,
				7C88971228F9FC2F0031E5FB /* PartnersViewModel.swift */,
				7C88971428F9FC3E0031E5FB /* PartnersCoordinator.swift */,
				7C69833A28FAC6750037B44B /* PartnersCollectionViewCell.swift */,
				7C69833B28FAC6760037B44B /* PartnersCollectionViewCell.xib */,
			);
			path = Partners;
			sourceTree = "<group>";
		};
		7C88970328F9FA680031E5FB /* Donations */ = {
			isa = PBXGroup;
			children = (
				7C69833E28FAC6FB0037B44B /* DonationsViewController.xib */,
				7C88973728FA9F4E0031E5FB /* DonationsViewController.swift */,
				7C88973528FA9F2F0031E5FB /* DonationsViewModel.swift */,
				7C88973228FA9F1A0031E5FB /* DonationsCoordinator.swift */,
			);
			path = Donations;
			sourceTree = "<group>";
		};
		7C88970428F9FA710031E5FB /* Contact */ = {
			isa = PBXGroup;
			children = (
				7C69832A28FAC3CB0037B44B /* ContactViewController.xib */,
				7C69832928FAC3CB0037B44B /* ContactViewController.swift */,
				7C88974128FA9F930031E5FB /* ContactViewModel.swift */,
				7C88973F28FA9F840031E5FB /* ContactCoordinator.swift */,
			);
			path = Contact;
			sourceTree = "<group>";
		};
		7C88970528F9FA7E0031E5FB /* ReportProblem */ = {
			isa = PBXGroup;
			children = (
				7C69835D28FAD9FA0037B44B /* ReportProblemViewController.xib */,
				7C69835C28FAD9FA0037B44B /* ReportProblemViewController.swift */,
				7C69834C28FAD5C70037B44B /* ReportViewModel.swift */,
				7C69834A28FAD59F0037B44B /* ReportViewCoordinator.swift */,
			);
			path = ReportProblem;
			sourceTree = "<group>";
		};
		7C88971828FA99CE0031E5FB /* protocols */ = {
			isa = PBXGroup;
			children = (
				532844D128FAAD6D008695F3 /* Coordinating.swift */,
				7C88971A28FA9A1A0031E5FB /* useCases */,
				7C88971928FA9A120031E5FB /* repository */,
			);
			path = protocols;
			sourceTree = "<group>";
		};
		7C88971928FA9A120031E5FB /* repository */ = {
			isa = PBXGroup;
			children = (
				7C88971B28FA9A330031E5FB /* RepositoryModuleProtocol.swift */,
			);
			path = repository;
			sourceTree = "<group>";
		};
		7C88971A28FA9A1A0031E5FB /* useCases */ = {
			isa = PBXGroup;
			children = (
				7C88971D28FA9A640031E5FB /* CategoriesProtocol.swift */,
				7C88971F28FA9A780031E5FB /* ProblemReportProtocol.swift */,
				7C88972128FA9A8B0031E5FB /* ContactDataProtocol.swift */,
				7C88972328FA9A9D0031E5FB /* DonationsProtocol.swift */,
				7C88972528FA9AAA0031E5FB /* NewsPorotocol.swift */,
				7C88972728FA9AC70031E5FB /* PartnerDetailsProtocol.swift */,
			);
			path = useCases;
			sourceTree = "<group>";
		};
		7C88972928FA9B550031E5FB /* Models */ = {
			isa = PBXGroup;
			children = (
				7C88972A28FA9B6E0031E5FB /* ProblemReportModel.swift */,
				7C88974328FAA0840031E5FB /* CategoryModel.swift */,
				7C88974528FAA0980031E5FB /* ContactScreenModel.swift */,
				7C88974728FAA0AD0031E5FB /* DonationsScreenModel.swift */,
				7C88974928FAA0B80031E5FB /* Link.swift */,
				7C88974B28FAA0C90031E5FB /* News.swift */,
				7C88974D28FAA0DC0031E5FB /* Partner.swift */,
				7C88974F28FAA0EA0031E5FB /* PartnersScreenModel.swift */,
				7C69836F28FAECD80037B44B /* CategorySetup.swift */,
			);
			path = Models;
			sourceTree = "<group>";
		};
		7C88972E28FA9BC40031E5FB /* firebase */ = {
			isa = PBXGroup;
			children = (
				7C88972F28FA9BD60031E5FB /* FirebaseManager.swift */,
			);
			path = firebase;
			sourceTree = "<group>";
		};
		7C88973128FA9D140031E5FB /* libraries */ = {
			isa = PBXGroup;
			children = (
				7C69836428FAE9B90037B44B /* CustomImageView.swift */,
				532844CE28FAAAB0008695F3 /* Image Picker */,
			);
			path = libraries;
			sourceTree = "<group>";
		};
		C8EA46EAC3F1A7AFAC20F139 /* Pods */ = {
			isa = PBXGroup;
			children = (
				0CC8CFB3DA4B25A7D10C4369 /* Pods-zeleniKljucHakaton.debug.xcconfig */,
				654DD142DA2F0D8E7E45A348 /* Pods-zeleniKljucHakaton.release.xcconfig */,
			);
			path = Pods;
			sourceTree = "<group>";
		};
		E8DCBCAF45853274310FDB2A /* Frameworks */ = {
			isa = PBXGroup;
			children = (
				98C41C581C5ED718D7E80FB5 /* Pods_zeleniKljucHakaton.framework */,
			);
			name = Frameworks;
			sourceTree = "<group>";
		};
/* End PBXGroup section */

/* Begin PBXNativeTarget section */
		7C8896B828F9EECA0031E5FB /* zeleniKljucHakaton */ = {
			isa = PBXNativeTarget;
			buildConfigurationList = 7C8896E328F9EECA0031E5FB /* Build configuration list for PBXNativeTarget "zeleniKljucHakaton" */;
			buildPhases = (
				95E83A597206978D628EE498 /* [CP] Check Pods Manifest.lock */,
				7C8896B528F9EECA0031E5FB /* Sources */,
				7C8896B628F9EECA0031E5FB /* Frameworks */,
				7C8896B728F9EECA0031E5FB /* Resources */,
				AA5C5E8BD4540E28A46C30F6 /* [CP] Embed Pods Frameworks */,
			);
			buildRules = (
			);
			dependencies = (
			);
			name = zeleniKljucHakaton;
			productName = zeleniKljucHakaton;
			productReference = 7C8896B928F9EECA0031E5FB /* zeleniKljucHakaton.app */;
			productType = "com.apple.product-type.application";
		};
		7C8896CE28F9EECA0031E5FB /* zeleniKljucHakatonTests */ = {
			isa = PBXNativeTarget;
			buildConfigurationList = 7C8896E628F9EECA0031E5FB /* Build configuration list for PBXNativeTarget "zeleniKljucHakatonTests" */;
			buildPhases = (
				7C8896CB28F9EECA0031E5FB /* Sources */,
				7C8896CC28F9EECA0031E5FB /* Frameworks */,
				7C8896CD28F9EECA0031E5FB /* Resources */,
			);
			buildRules = (
			);
			dependencies = (
				7C8896D128F9EECA0031E5FB /* PBXTargetDependency */,
			);
			name = zeleniKljucHakatonTests;
			productName = zeleniKljucHakatonTests;
			productReference = 7C8896CF28F9EECA0031E5FB /* zeleniKljucHakatonTests.xctest */;
			productType = "com.apple.product-type.bundle.unit-test";
		};
		7C8896D828F9EECA0031E5FB /* zeleniKljucHakatonUITests */ = {
			isa = PBXNativeTarget;
			buildConfigurationList = 7C8896E928F9EECA0031E5FB /* Build configuration list for PBXNativeTarget "zeleniKljucHakatonUITests" */;
			buildPhases = (
				7C8896D528F9EECA0031E5FB /* Sources */,
				7C8896D628F9EECA0031E5FB /* Frameworks */,
				7C8896D728F9EECA0031E5FB /* Resources */,
			);
			buildRules = (
			);
			dependencies = (
				7C8896DB28F9EECA0031E5FB /* PBXTargetDependency */,
			);
			name = zeleniKljucHakatonUITests;
			productName = zeleniKljucHakatonUITests;
			productReference = 7C8896D928F9EECA0031E5FB /* zeleniKljucHakatonUITests.xctest */;
			productType = "com.apple.product-type.bundle.ui-testing";
		};
/* End PBXNativeTarget section */

/* Begin PBXProject section */
		7C8896B128F9EEC90031E5FB /* Project object */ = {
			isa = PBXProject;
			attributes = {
				BuildIndependentTargetsInParallel = 1;
				LastSwiftUpdateCheck = 1340;
				LastUpgradeCheck = 1340;
				TargetAttributes = {
					7C8896B828F9EECA0031E5FB = {
						CreatedOnToolsVersion = 13.4.1;
					};
					7C8896CE28F9EECA0031E5FB = {
						CreatedOnToolsVersion = 13.4.1;
						TestTargetID = 7C8896B828F9EECA0031E5FB;
					};
					7C8896D828F9EECA0031E5FB = {
						CreatedOnToolsVersion = 13.4.1;
						TestTargetID = 7C8896B828F9EECA0031E5FB;
					};
				};
			};
			buildConfigurationList = 7C8896B428F9EEC90031E5FB /* Build configuration list for PBXProject "zeleniKljucHakaton" */;
			compatibilityVersion = "Xcode 13.0";
			developmentRegion = en;
			hasScannedForEncodings = 0;
			knownRegions = (
				en,
				Base,
			);
			mainGroup = 7C8896B028F9EEC90031E5FB;
			productRefGroup = 7C8896BA28F9EECA0031E5FB /* Products */;
			projectDirPath = "";
			projectRoot = "";
			targets = (
				7C8896B828F9EECA0031E5FB /* zeleniKljucHakaton */,
				7C8896CE28F9EECA0031E5FB /* zeleniKljucHakatonTests */,
				7C8896D828F9EECA0031E5FB /* zeleniKljucHakatonUITests */,
			);
		};
/* End PBXProject section */

/* Begin PBXResourcesBuildPhase section */
		7C8896B728F9EECA0031E5FB /* Resources */ = {
			isa = PBXResourcesBuildPhase;
			buildActionMask = 2147483647;
			files = (
				7C8896C928F9EECA0031E5FB /* LaunchScreen.storyboard in Resources */,
				7C69833928FAC66E0037B44B /* PartnersViewController.xib in Resources */,
				7C69837428FAED3D0037B44B /* CategoriesViewController.xib in Resources */,
				7C69832C28FAC3CB0037B44B /* ContactViewController.xib in Resources */,
				7C69833728FAC5470037B44B /* NewsCollectionViewCell.xib in Resources */,
				7C69839728FAF6940037B44B /* NewsDetailsViewController.xib in Resources */,
				7C8896ED28F9F1080031E5FB /* GoogleService-Info.plist in Resources */,
				7C69838128FAEFB50037B44B /* SuccessfulReportViewController.xib in Resources */,
				7C69837828FAED730037B44B /* CategoryTableViewCell.xib in Resources */,
				7C69833F28FAC6FB0037B44B /* DonationsViewController.xib in Resources */,
				7C69835F28FAD9FA0037B44B /* ReportProblemViewController.xib in Resources */,
				7C8896C628F9EECA0031E5FB /* Assets.xcassets in Resources */,
				7C6983A028FB279D0037B44B /* HomeViewController.xib in Resources */,
				7C69833D28FAC6760037B44B /* PartnersCollectionViewCell.xib in Resources */,
				7C69839228FAF3020037B44B /* CategoriesInformationsTableViewCell.xib in Resources */,
				7C8896C428F9EECA0031E5FB /* Main.storyboard in Resources */,
				7C69833328FAC5290037B44B /* NewsViewController.xib in Resources */,
				7C69836328FAE7770037B44B /* HomeCollectionViewCell.xib in Resources */,
				7C69838A28FAF2770037B44B /* CategoriesInformationsViewController.xib in Resources */,
			);
			runOnlyForDeploymentPostprocessing = 0;
		};
		7C8896CD28F9EECA0031E5FB /* Resources */ = {
			isa = PBXResourcesBuildPhase;
			buildActionMask = 2147483647;
			files = (
			);
			runOnlyForDeploymentPostprocessing = 0;
		};
		7C8896D728F9EECA0031E5FB /* Resources */ = {
			isa = PBXResourcesBuildPhase;
			buildActionMask = 2147483647;
			files = (
			);
			runOnlyForDeploymentPostprocessing = 0;
		};
/* End PBXResourcesBuildPhase section */

/* Begin PBXShellScriptBuildPhase section */
		95E83A597206978D628EE498 /* [CP] Check Pods Manifest.lock */ = {
			isa = PBXShellScriptBuildPhase;
			buildActionMask = 2147483647;
			files = (
			);
			inputFileListPaths = (
			);
			inputPaths = (
				"${PODS_PODFILE_DIR_PATH}/Podfile.lock",
				"${PODS_ROOT}/Manifest.lock",
			);
			name = "[CP] Check Pods Manifest.lock";
			outputFileListPaths = (
			);
			outputPaths = (
				"$(DERIVED_FILE_DIR)/Pods-zeleniKljucHakaton-checkManifestLockResult.txt",
			);
			runOnlyForDeploymentPostprocessing = 0;
			shellPath = /bin/sh;
			shellScript = "diff \"${PODS_PODFILE_DIR_PATH}/Podfile.lock\" \"${PODS_ROOT}/Manifest.lock\" > /dev/null\nif [ $? != 0 ] ; then\n    # print error to STDERR\n    echo \"error: The sandbox is not in sync with the Podfile.lock. Run 'pod install' or update your CocoaPods installation.\" >&2\n    exit 1\nfi\n# This output is used by Xcode 'outputs' to avoid re-running this script phase.\necho \"SUCCESS\" > \"${SCRIPT_OUTPUT_FILE_0}\"\n";
			showEnvVarsInLog = 0;
		};
		AA5C5E8BD4540E28A46C30F6 /* [CP] Embed Pods Frameworks */ = {
			isa = PBXShellScriptBuildPhase;
			buildActionMask = 2147483647;
			files = (
			);
			inputFileListPaths = (
				"${PODS_ROOT}/Target Support Files/Pods-zeleniKljucHakaton/Pods-zeleniKljucHakaton-frameworks-${CONFIGURATION}-input-files.xcfilelist",
			);
			name = "[CP] Embed Pods Frameworks";
			outputFileListPaths = (
				"${PODS_ROOT}/Target Support Files/Pods-zeleniKljucHakaton/Pods-zeleniKljucHakaton-frameworks-${CONFIGURATION}-output-files.xcfilelist",
			);
			runOnlyForDeploymentPostprocessing = 0;
			shellPath = /bin/sh;
			shellScript = "\"${PODS_ROOT}/Target Support Files/Pods-zeleniKljucHakaton/Pods-zeleniKljucHakaton-frameworks.sh\"\n";
			showEnvVarsInLog = 0;
		};
/* End PBXShellScriptBuildPhase section */

/* Begin PBXSourcesBuildPhase section */
		7C8896B528F9EECA0031E5FB /* Sources */ = {
			isa = PBXSourcesBuildPhase;
			buildActionMask = 2147483647;
			files = (
				7C69839628FAF6940037B44B /* NewsDetailsViewController.swift in Sources */,
				7C69838328FAEFC70037B44B /* SuccessfulReportCoordinator.swift in Sources */,
				7C88974428FAA0840031E5FB /* CategoryModel.swift in Sources */,
				7C88975028FAA0EA0031E5FB /* PartnersScreenModel.swift in Sources */,
				7C69832B28FAC3CB0037B44B /* ContactViewController.swift in Sources */,
				7C88972628FA9AAA0031E5FB /* NewsPorotocol.swift in Sources */,
				7C88972B28FA9B6E0031E5FB /* ProblemReportModel.swift in Sources */,
				7C69837328FAED3D0037B44B /* CategoriesViewController.swift in Sources */,
				7C69839B28FAF6BD0037B44B /* NewsDetailsViewModel.swift in Sources */,
				7C8896BD28F9EECA0031E5FB /* AppDelegate.swift in Sources */,
				7C88970B28F9FAE70031E5FB /* NewsViewModel.swift in Sources */,
				532844D028FAAAC5008695F3 /* ImagePicker.swift in Sources */,
				7C88972228FA9A8B0031E5FB /* ContactDataProtocol.swift in Sources */,
				7C88972028FA9A780031E5FB /* ProblemReportProtocol.swift in Sources */,
				7C69839928FAF6AF0037B44B /* NewsDetailsCoordinator.swift in Sources */,
				7C69837728FAED730037B44B /* CategoryTableViewCell.swift in Sources */,
				7C88974E28FAA0DC0031E5FB /* Partner.swift in Sources */,
				7C88974228FA9F930031E5FB /* ContactViewModel.swift in Sources */,
				7C88971028F9FC160031E5FB /* PartnersViewController.swift in Sources */,
				7C69834D28FAD5C70037B44B /* ReportViewModel.swift in Sources */,
				7C88972828FA9AC70031E5FB /* PartnerDetailsProtocol.swift in Sources */,
				7C69832F28FAC4640037B44B /* NotificationName+extension.swift in Sources */,
				7C69838928FAF2770037B44B /* CategoriesInformationsViewController.swift in Sources */,
				7C88971728FA99CB0031E5FB /* RepositoryModule.swift in Sources */,
				7C8896F728F9F3430031E5FB /* HomeViewModel.swift in Sources */,
				7C88971528F9FC3E0031E5FB /* PartnersCoordinator.swift in Sources */,
				7C69833C28FAC6760037B44B /* PartnersCollectionViewCell.swift in Sources */,
				7C69833628FAC5470037B44B /* NewsCollectionViewCell.swift in Sources */,
				7C88970D28F9FB030031E5FB /* NewsCoordinator.swift in Sources */,
				7C69838C28FAF2880037B44B /* CategoriesInformationsCoordinator.swift in Sources */,
				7C69839128FAF3020037B44B /* CategoriesInformationsTableViewCell.swift in Sources */,
				7C69834B28FAD59F0037B44B /* ReportViewCoordinator.swift in Sources */,
				7C69836E28FAECAB0037B44B /* CategoriesViewModel.swift in Sources */,
				7C69839F28FB279D0037B44B /* HomeViewController.swift in Sources */,
				7C88973628FA9F300031E5FB /* DonationsViewModel.swift in Sources */,
				7C88974628FAA0980031E5FB /* ContactScreenModel.swift in Sources */,
				7C69836228FAE7770037B44B /* HomeCollectionViewCell.swift in Sources */,
				7C88974A28FAA0B80031E5FB /* Link.swift in Sources */,
				7C69836528FAE9B90037B44B /* CustomImageView.swift in Sources */,
				7C69837028FAECD80037B44B /* CategorySetup.swift in Sources */,
				7C69838028FAEFB50037B44B /* SuccessfulReportViewController.swift in Sources */,
				7C88974C28FAA0C90031E5FB /* News.swift in Sources */,
				7C69833228FAC5290037B44B /* NewsViewController.swift in Sources */,
				7C88973028FA9BD60031E5FB /* FirebaseManager.swift in Sources */,
				7C69836C28FAEC9D0037B44B /* CategoriesCoordinator.swift in Sources */,
				7C8896FC28F9F5D00031E5FB /* TabBarViewControllerFactory.swift in Sources */,
				7C69835E28FAD9FA0037B44B /* ReportProblemViewController.swift in Sources */,
				7C88973328FA9F1A0031E5FB /* DonationsCoordinator.swift in Sources */,
				7C88972428FA9A9D0031E5FB /* DonationsProtocol.swift in Sources */,
				7C8896F928F9F35C0031E5FB /* HomeCoordinator.swift in Sources */,
				7C88971C28FA9A330031E5FB /* RepositoryModuleProtocol.swift in Sources */,
				7C69838E28FAF2960037B44B /* CategoriesInformationsViewModel.swift in Sources */,
				7C88974828FAA0AD0031E5FB /* DonationsScreenModel.swift in Sources */,
				7C88971E28FA9A640031E5FB /* CategoriesProtocol.swift in Sources */,
				7C88973928FA9F4E0031E5FB /* DonationsViewController.swift in Sources */,
				7C88970028F9F6100031E5FB /* TabBarNavigationController.swift in Sources */,
				7C88974028FA9F840031E5FB /* ContactCoordinator.swift in Sources */,
				7C88971328F9FC2F0031E5FB /* PartnersViewModel.swift in Sources */,
				7C8896FE28F9F5E00031E5FB /* NavigationTab.swift in Sources */,
				532844D228FAAD6D008695F3 /* Coordinating.swift in Sources */,
				7C69838528FAEFD20037B44B /* SuccessfulReportViewModel.swift in Sources */,
				7C88972D28FA9BBF0031E5FB /* ManagerProtocol.swift in Sources */,
			);
			runOnlyForDeploymentPostprocessing = 0;
		};
		7C8896CB28F9EECA0031E5FB /* Sources */ = {
			isa = PBXSourcesBuildPhase;
			buildActionMask = 2147483647;
			files = (
				7C8896D428F9EECA0031E5FB /* zeleniKljucHakatonTests.swift in Sources */,
			);
			runOnlyForDeploymentPostprocessing = 0;
		};
		7C8896D528F9EECA0031E5FB /* Sources */ = {
			isa = PBXSourcesBuildPhase;
			buildActionMask = 2147483647;
			files = (
				7C8896E028F9EECA0031E5FB /* zeleniKljucHakatonUITestsLaunchTests.swift in Sources */,
				7C8896DE28F9EECA0031E5FB /* zeleniKljucHakatonUITests.swift in Sources */,
			);
			runOnlyForDeploymentPostprocessing = 0;
		};
/* End PBXSourcesBuildPhase section */

/* Begin PBXTargetDependency section */
		7C8896D128F9EECA0031E5FB /* PBXTargetDependency */ = {
			isa = PBXTargetDependency;
			target = 7C8896B828F9EECA0031E5FB /* zeleniKljucHakaton */;
			targetProxy = 7C8896D028F9EECA0031E5FB /* PBXContainerItemProxy */;
		};
		7C8896DB28F9EECA0031E5FB /* PBXTargetDependency */ = {
			isa = PBXTargetDependency;
			target = 7C8896B828F9EECA0031E5FB /* zeleniKljucHakaton */;
			targetProxy = 7C8896DA28F9EECA0031E5FB /* PBXContainerItemProxy */;
		};
/* End PBXTargetDependency section */

/* Begin PBXVariantGroup section */
		7C8896C228F9EECA0031E5FB /* Main.storyboard */ = {
			isa = PBXVariantGroup;
			children = (
				7C8896C328F9EECA0031E5FB /* Base */,
			);
			name = Main.storyboard;
			sourceTree = "<group>";
		};
		7C8896C728F9EECA0031E5FB /* LaunchScreen.storyboard */ = {
			isa = PBXVariantGroup;
			children = (
				7C8896C828F9EECA0031E5FB /* Base */,
			);
			name = LaunchScreen.storyboard;
			sourceTree = "<group>";
		};
/* End PBXVariantGroup section */

/* Begin XCBuildConfiguration section */
		7C8896E128F9EECA0031E5FB /* Debug */ = {
			isa = XCBuildConfiguration;
			buildSettings = {
				ALWAYS_SEARCH_USER_PATHS = NO;
				CLANG_ANALYZER_NONNULL = YES;
				CLANG_ANALYZER_NUMBER_OBJECT_CONVERSION = YES_AGGRESSIVE;
				CLANG_CXX_LANGUAGE_STANDARD = "gnu++17";
				CLANG_ENABLE_MODULES = YES;
				CLANG_ENABLE_OBJC_ARC = YES;
				CLANG_ENABLE_OBJC_WEAK = YES;
				CLANG_WARN_BLOCK_CAPTURE_AUTORELEASING = YES;
				CLANG_WARN_BOOL_CONVERSION = YES;
				CLANG_WARN_COMMA = YES;
				CLANG_WARN_CONSTANT_CONVERSION = YES;
				CLANG_WARN_DEPRECATED_OBJC_IMPLEMENTATIONS = YES;
				CLANG_WARN_DIRECT_OBJC_ISA_USAGE = YES_ERROR;
				CLANG_WARN_DOCUMENTATION_COMMENTS = YES;
				CLANG_WARN_EMPTY_BODY = YES;
				CLANG_WARN_ENUM_CONVERSION = YES;
				CLANG_WARN_INFINITE_RECURSION = YES;
				CLANG_WARN_INT_CONVERSION = YES;
				CLANG_WARN_NON_LITERAL_NULL_CONVERSION = YES;
				CLANG_WARN_OBJC_IMPLICIT_RETAIN_SELF = YES;
				CLANG_WARN_OBJC_LITERAL_CONVERSION = YES;
				CLANG_WARN_OBJC_ROOT_CLASS = YES_ERROR;
				CLANG_WARN_QUOTED_INCLUDE_IN_FRAMEWORK_HEADER = YES;
				CLANG_WARN_RANGE_LOOP_ANALYSIS = YES;
				CLANG_WARN_STRICT_PROTOTYPES = YES;
				CLANG_WARN_SUSPICIOUS_MOVE = YES;
				CLANG_WARN_UNGUARDED_AVAILABILITY = YES_AGGRESSIVE;
				CLANG_WARN_UNREACHABLE_CODE = YES;
				CLANG_WARN__DUPLICATE_METHOD_MATCH = YES;
				COPY_PHASE_STRIP = NO;
				DEBUG_INFORMATION_FORMAT = dwarf;
				ENABLE_STRICT_OBJC_MSGSEND = YES;
				ENABLE_TESTABILITY = YES;
				GCC_C_LANGUAGE_STANDARD = gnu11;
				GCC_DYNAMIC_NO_PIC = NO;
				GCC_NO_COMMON_BLOCKS = YES;
				GCC_OPTIMIZATION_LEVEL = 0;
				GCC_PREPROCESSOR_DEFINITIONS = (
					"DEBUG=1",
					"$(inherited)",
				);
				GCC_WARN_64_TO_32_BIT_CONVERSION = YES;
				GCC_WARN_ABOUT_RETURN_TYPE = YES_ERROR;
				GCC_WARN_UNDECLARED_SELECTOR = YES;
				GCC_WARN_UNINITIALIZED_AUTOS = YES_AGGRESSIVE;
				GCC_WARN_UNUSED_FUNCTION = YES;
				GCC_WARN_UNUSED_VARIABLE = YES;
				IPHONEOS_DEPLOYMENT_TARGET = 15.5;
				MTL_ENABLE_DEBUG_INFO = INCLUDE_SOURCE;
				MTL_FAST_MATH = YES;
				ONLY_ACTIVE_ARCH = YES;
				SDKROOT = iphoneos;
				SWIFT_ACTIVE_COMPILATION_CONDITIONS = DEBUG;
				SWIFT_OPTIMIZATION_LEVEL = "-Onone";
			};
			name = Debug;
		};
		7C8896E228F9EECA0031E5FB /* Release */ = {
			isa = XCBuildConfiguration;
			buildSettings = {
				ALWAYS_SEARCH_USER_PATHS = NO;
				CLANG_ANALYZER_NONNULL = YES;
				CLANG_ANALYZER_NUMBER_OBJECT_CONVERSION = YES_AGGRESSIVE;
				CLANG_CXX_LANGUAGE_STANDARD = "gnu++17";
				CLANG_ENABLE_MODULES = YES;
				CLANG_ENABLE_OBJC_ARC = YES;
				CLANG_ENABLE_OBJC_WEAK = YES;
				CLANG_WARN_BLOCK_CAPTURE_AUTORELEASING = YES;
				CLANG_WARN_BOOL_CONVERSION = YES;
				CLANG_WARN_COMMA = YES;
				CLANG_WARN_CONSTANT_CONVERSION = YES;
				CLANG_WARN_DEPRECATED_OBJC_IMPLEMENTATIONS = YES;
				CLANG_WARN_DIRECT_OBJC_ISA_USAGE = YES_ERROR;
				CLANG_WARN_DOCUMENTATION_COMMENTS = YES;
				CLANG_WARN_EMPTY_BODY = YES;
				CLANG_WARN_ENUM_CONVERSION = YES;
				CLANG_WARN_INFINITE_RECURSION = YES;
				CLANG_WARN_INT_CONVERSION = YES;
				CLANG_WARN_NON_LITERAL_NULL_CONVERSION = YES;
				CLANG_WARN_OBJC_IMPLICIT_RETAIN_SELF = YES;
				CLANG_WARN_OBJC_LITERAL_CONVERSION = YES;
				CLANG_WARN_OBJC_ROOT_CLASS = YES_ERROR;
				CLANG_WARN_QUOTED_INCLUDE_IN_FRAMEWORK_HEADER = YES;
				CLANG_WARN_RANGE_LOOP_ANALYSIS = YES;
				CLANG_WARN_STRICT_PROTOTYPES = YES;
				CLANG_WARN_SUSPICIOUS_MOVE = YES;
				CLANG_WARN_UNGUARDED_AVAILABILITY = YES_AGGRESSIVE;
				CLANG_WARN_UNREACHABLE_CODE = YES;
				CLANG_WARN__DUPLICATE_METHOD_MATCH = YES;
				COPY_PHASE_STRIP = NO;
				DEBUG_INFORMATION_FORMAT = "dwarf-with-dsym";
				ENABLE_NS_ASSERTIONS = NO;
				ENABLE_STRICT_OBJC_MSGSEND = YES;
				GCC_C_LANGUAGE_STANDARD = gnu11;
				GCC_NO_COMMON_BLOCKS = YES;
				GCC_WARN_64_TO_32_BIT_CONVERSION = YES;
				GCC_WARN_ABOUT_RETURN_TYPE = YES_ERROR;
				GCC_WARN_UNDECLARED_SELECTOR = YES;
				GCC_WARN_UNINITIALIZED_AUTOS = YES_AGGRESSIVE;
				GCC_WARN_UNUSED_FUNCTION = YES;
				GCC_WARN_UNUSED_VARIABLE = YES;
				IPHONEOS_DEPLOYMENT_TARGET = 15.5;
				MTL_ENABLE_DEBUG_INFO = NO;
				MTL_FAST_MATH = YES;
				SDKROOT = iphoneos;
				SWIFT_COMPILATION_MODE = wholemodule;
				SWIFT_OPTIMIZATION_LEVEL = "-O";
				VALIDATE_PRODUCT = YES;
			};
			name = Release;
		};
		7C8896E428F9EECA0031E5FB /* Debug */ = {
			isa = XCBuildConfiguration;
			baseConfigurationReference = 0CC8CFB3DA4B25A7D10C4369 /* Pods-zeleniKljucHakaton.debug.xcconfig */;
			buildSettings = {
				ASSETCATALOG_COMPILER_APPICON_NAME = AppIcon;
				ASSETCATALOG_COMPILER_GLOBAL_ACCENT_COLOR_NAME = AccentColor;
				CODE_SIGN_STYLE = Automatic;
				CURRENT_PROJECT_VERSION = 1;
				DEVELOPMENT_TEAM = RD56G4W5Y8;
				GENERATE_INFOPLIST_FILE = YES;
				INFOPLIST_FILE = zeleniKljucHakaton/Info.plist;
				INFOPLIST_KEY_UIApplicationSupportsIndirectInputEvents = YES;
				INFOPLIST_KEY_UILaunchStoryboardName = LaunchScreen;
				INFOPLIST_KEY_UIMainStoryboardFile = Main;
				INFOPLIST_KEY_UISupportedInterfaceOrientations_iPad = "UIInterfaceOrientationPortrait UIInterfaceOrientationPortraitUpsideDown UIInterfaceOrientationLandscapeLeft UIInterfaceOrientationLandscapeRight";
				INFOPLIST_KEY_UISupportedInterfaceOrientations_iPhone = "UIInterfaceOrientationPortrait UIInterfaceOrientationLandscapeLeft UIInterfaceOrientationLandscapeRight";
				LD_RUNPATH_SEARCH_PATHS = (
					"$(inherited)",
					"@executable_path/Frameworks",
				);
				MARKETING_VERSION = 1.0;
				PRODUCT_BUNDLE_IDENTIFIER = com.zeleniKljucHakaton;
				PRODUCT_NAME = "$(TARGET_NAME)";
				SWIFT_EMIT_LOC_STRINGS = YES;
				SWIFT_VERSION = 5.0;
				TARGETED_DEVICE_FAMILY = "1,2";
			};
			name = Debug;
		};
		7C8896E528F9EECA0031E5FB /* Release */ = {
			isa = XCBuildConfiguration;
			baseConfigurationReference = 654DD142DA2F0D8E7E45A348 /* Pods-zeleniKljucHakaton.release.xcconfig */;
			buildSettings = {
				ASSETCATALOG_COMPILER_APPICON_NAME = AppIcon;
				ASSETCATALOG_COMPILER_GLOBAL_ACCENT_COLOR_NAME = AccentColor;
				CODE_SIGN_STYLE = Automatic;
				CURRENT_PROJECT_VERSION = 1;
				DEVELOPMENT_TEAM = RD56G4W5Y8;
				GENERATE_INFOPLIST_FILE = YES;
				INFOPLIST_FILE = zeleniKljucHakaton/Info.plist;
				INFOPLIST_KEY_UIApplicationSupportsIndirectInputEvents = YES;
				INFOPLIST_KEY_UILaunchStoryboardName = LaunchScreen;
				INFOPLIST_KEY_UIMainStoryboardFile = Main;
				INFOPLIST_KEY_UISupportedInterfaceOrientations_iPad = "UIInterfaceOrientationPortrait UIInterfaceOrientationPortraitUpsideDown UIInterfaceOrientationLandscapeLeft UIInterfaceOrientationLandscapeRight";
				INFOPLIST_KEY_UISupportedInterfaceOrientations_iPhone = "UIInterfaceOrientationPortrait UIInterfaceOrientationLandscapeLeft UIInterfaceOrientationLandscapeRight";
				LD_RUNPATH_SEARCH_PATHS = (
					"$(inherited)",
					"@executable_path/Frameworks",
				);
				MARKETING_VERSION = 1.0;
				PRODUCT_BUNDLE_IDENTIFIER = com.zeleniKljucHakaton;
				PRODUCT_NAME = "$(TARGET_NAME)";
				SWIFT_EMIT_LOC_STRINGS = YES;
				SWIFT_VERSION = 5.0;
				TARGETED_DEVICE_FAMILY = "1,2";
			};
			name = Release;
		};
		7C8896E728F9EECA0031E5FB /* Debug */ = {
			isa = XCBuildConfiguration;
			buildSettings = {
				ALWAYS_EMBED_SWIFT_STANDARD_LIBRARIES = YES;
				BUNDLE_LOADER = "$(TEST_HOST)";
				CODE_SIGN_STYLE = Automatic;
				CURRENT_PROJECT_VERSION = 1;
				DEVELOPMENT_TEAM = RD56G4W5Y8;
				GENERATE_INFOPLIST_FILE = YES;
				IPHONEOS_DEPLOYMENT_TARGET = 15.5;
				MARKETING_VERSION = 1.0;
				PRODUCT_BUNDLE_IDENTIFIER = com.zeleniKljucHakatonTests;
				PRODUCT_NAME = "$(TARGET_NAME)";
				SWIFT_EMIT_LOC_STRINGS = NO;
				SWIFT_VERSION = 5.0;
				TARGETED_DEVICE_FAMILY = "1,2";
				TEST_HOST = "$(BUILT_PRODUCTS_DIR)/zeleniKljucHakaton.app/zeleniKljucHakaton";
			};
			name = Debug;
		};
		7C8896E828F9EECA0031E5FB /* Release */ = {
			isa = XCBuildConfiguration;
			buildSettings = {
				ALWAYS_EMBED_SWIFT_STANDARD_LIBRARIES = YES;
				BUNDLE_LOADER = "$(TEST_HOST)";
				CODE_SIGN_STYLE = Automatic;
				CURRENT_PROJECT_VERSION = 1;
				DEVELOPMENT_TEAM = RD56G4W5Y8;
				GENERATE_INFOPLIST_FILE = YES;
				IPHONEOS_DEPLOYMENT_TARGET = 15.5;
				MARKETING_VERSION = 1.0;
				PRODUCT_BUNDLE_IDENTIFIER = com.zeleniKljucHakatonTests;
				PRODUCT_NAME = "$(TARGET_NAME)";
				SWIFT_EMIT_LOC_STRINGS = NO;
				SWIFT_VERSION = 5.0;
				TARGETED_DEVICE_FAMILY = "1,2";
				TEST_HOST = "$(BUILT_PRODUCTS_DIR)/zeleniKljucHakaton.app/zeleniKljucHakaton";
			};
			name = Release;
		};
		7C8896EA28F9EECA0031E5FB /* Debug */ = {
			isa = XCBuildConfiguration;
			buildSettings = {
				ALWAYS_EMBED_SWIFT_STANDARD_LIBRARIES = YES;
				CODE_SIGN_STYLE = Automatic;
				CURRENT_PROJECT_VERSION = 1;
				DEVELOPMENT_TEAM = RD56G4W5Y8;
				GENERATE_INFOPLIST_FILE = YES;
				MARKETING_VERSION = 1.0;
				PRODUCT_BUNDLE_IDENTIFIER = com.zeleniKljucHakatonUITests;
				PRODUCT_NAME = "$(TARGET_NAME)";
				SWIFT_EMIT_LOC_STRINGS = NO;
				SWIFT_VERSION = 5.0;
				TARGETED_DEVICE_FAMILY = "1,2";
				TEST_TARGET_NAME = zeleniKljucHakaton;
			};
			name = Debug;
		};
		7C8896EB28F9EECA0031E5FB /* Release */ = {
			isa = XCBuildConfiguration;
			buildSettings = {
				ALWAYS_EMBED_SWIFT_STANDARD_LIBRARIES = YES;
				CODE_SIGN_STYLE = Automatic;
				CURRENT_PROJECT_VERSION = 1;
				DEVELOPMENT_TEAM = RD56G4W5Y8;
				GENERATE_INFOPLIST_FILE = YES;
				MARKETING_VERSION = 1.0;
				PRODUCT_BUNDLE_IDENTIFIER = com.zeleniKljucHakatonUITests;
				PRODUCT_NAME = "$(TARGET_NAME)";
				SWIFT_EMIT_LOC_STRINGS = NO;
				SWIFT_VERSION = 5.0;
				TARGETED_DEVICE_FAMILY = "1,2";
				TEST_TARGET_NAME = zeleniKljucHakaton;
			};
			name = Release;
		};
/* End XCBuildConfiguration section */

/* Begin XCConfigurationList section */
		7C8896B428F9EEC90031E5FB /* Build configuration list for PBXProject "zeleniKljucHakaton" */ = {
			isa = XCConfigurationList;
			buildConfigurations = (
				7C8896E128F9EECA0031E5FB /* Debug */,
				7C8896E228F9EECA0031E5FB /* Release */,
			);
			defaultConfigurationIsVisible = 0;
			defaultConfigurationName = Release;
		};
		7C8896E328F9EECA0031E5FB /* Build configuration list for PBXNativeTarget "zeleniKljucHakaton" */ = {
			isa = XCConfigurationList;
			buildConfigurations = (
				7C8896E428F9EECA0031E5FB /* Debug */,
				7C8896E528F9EECA0031E5FB /* Release */,
			);
			defaultConfigurationIsVisible = 0;
			defaultConfigurationName = Release;
		};
		7C8896E628F9EECA0031E5FB /* Build configuration list for PBXNativeTarget "zeleniKljucHakatonTests" */ = {
			isa = XCConfigurationList;
			buildConfigurations = (
				7C8896E728F9EECA0031E5FB /* Debug */,
				7C8896E828F9EECA0031E5FB /* Release */,
			);
			defaultConfigurationIsVisible = 0;
			defaultConfigurationName = Release;
		};
		7C8896E928F9EECA0031E5FB /* Build configuration list for PBXNativeTarget "zeleniKljucHakatonUITests" */ = {
			isa = XCConfigurationList;
			buildConfigurations = (
				7C8896EA28F9EECA0031E5FB /* Debug */,
				7C8896EB28F9EECA0031E5FB /* Release */,
			);
			defaultConfigurationIsVisible = 0;
			defaultConfigurationName = Release;
		};
/* End XCConfigurationList section */
	};
	rootObject = 7C8896B128F9EEC90031E5FB /* Project object */;
}
